{
  "requires": true,
  "lockfileVersion": 1,
  "dependencies": {
    "d3-regression": {
      "version": "1.2.4",
      "resolved": "https://registry.npmjs.org/d3-regression/-/d3-regression-1.2.4.tgz",
      "integrity": "sha512-BNI61jOJiyZTbZXVhdKWUFKbhxBhNGsqw+diUid+7/NynU4aLamxDLhR0acS0Xg35R6yNr/2vYmBwHW3To0ghQ=="
    },
    "regression": {
      "version": "2.0.1",
      "resolved": "https://registry.npmjs.org/regression/-/regression-2.0.1.tgz",
      "integrity": "sha1-jSnD6CJKEIUMNeM36FqLL6w7DIc="
    }
  }
}
